
Microsoft Visual Studio Solution File, Format Version 12.00
# Visual Studio Version 16
VisualStudioVersion = 16.0.30413.136
MinimumVisualStudioVersion = 10.0.40219.1
Project("{FAE04EC0-301F-11D3-BF4B-00C04F79EFBC}") = "SharepointAccessWCF", "SharepointAccessWCF.csproj", "{6C4758B4-AB70-4F16-9053-9D6D33D449EE}"
EndProject
Global
	GlobalSection(SolutionConfigurationPlatforms) = preSolution
		Debug|Any CPU = Debug|Any CPU
		Release|Any CPU = Release|Any CPU
	EndGlobalSection
	GlobalSection(ProjectConfigurationPlatforms) = postSolution
		{6C4758B4-AB70-4F16-9053-9D6D33D449EE}.Debug|Any CPU.ActiveCfg = Debug|Any CPU
		{6C4758B4-AB70-4F16-9053-9D6D33D449EE}.Debug|Any CPU.Build.0 = Debug|Any CPU
		{6C4758B4-AB70-4F16-9053-9D6D33D449EE}.Release|Any CPU.ActiveCfg = Release|Any CPU
		{6C4758B4-AB70-4F16-9053-9D6D33D449EE}.Release|Any CPU.Build.0 = Release|Any CPU
	EndGlobalSection
	GlobalSection(SolutionProperties) = preSolution
		HideSolutionNode = FALSE
	EndGlobalSection
	GlobalSection(ExtensibilityGlobals) = postSolution
		SolutionGuid = {CEA27936-8931-4E5A-85F4-B7FF57C1EFB4}
	EndGlobalSection
EndGlobal
