
Microsoft Visual Studio Solution File, Format Version 12.00
# Visual Studio Version 16
VisualStudioVersion = 16.0.30413.136
MinimumVisualStudioVersion = 10.0.40219.1
Project("{9A19103F-16F7-4668-BE54-9A1E7A4F7556}") = "DataAccessLibrary", "DataAccessLibrary\DataAccessLibrary.csproj", "{956ADB65-D00C-43F6-93AD-62E108296F2B}"
EndProject
Project("{9A19103F-16F7-4668-BE54-9A1E7A4F7556}") = "PurchasesOrderGeneratorWS", "PurchasesOrderGeneratorWS\PurchasesOrderGeneratorWS.csproj", "{422F94C3-254F-40CC-9E38-6437563A4689}"
EndProject
Global
	GlobalSection(SolutionConfigurationPlatforms) = preSolution
		Debug|Any CPU = Debug|Any CPU
		Release|Any CPU = Release|Any CPU
	EndGlobalSection
	GlobalSection(ProjectConfigurationPlatforms) = postSolution
		{956ADB65-D00C-43F6-93AD-62E108296F2B}.Debug|Any CPU.ActiveCfg = Debug|Any CPU
		{956ADB65-D00C-43F6-93AD-62E108296F2B}.Debug|Any CPU.Build.0 = Debug|Any CPU
		{956ADB65-D00C-43F6-93AD-62E108296F2B}.Release|Any CPU.ActiveCfg = Release|Any CPU
		{956ADB65-D00C-43F6-93AD-62E108296F2B}.Release|Any CPU.Build.0 = Release|Any CPU
		{422F94C3-254F-40CC-9E38-6437563A4689}.Debug|Any CPU.ActiveCfg = Debug|Any CPU
		{422F94C3-254F-40CC-9E38-6437563A4689}.Debug|Any CPU.Build.0 = Debug|Any CPU
		{422F94C3-254F-40CC-9E38-6437563A4689}.Release|Any CPU.ActiveCfg = Release|Any CPU
		{422F94C3-254F-40CC-9E38-6437563A4689}.Release|Any CPU.Build.0 = Release|Any CPU
	EndGlobalSection
	GlobalSection(SolutionProperties) = preSolution
		HideSolutionNode = FALSE
	EndGlobalSection
	GlobalSection(ExtensibilityGlobals) = postSolution
		SolutionGuid = {C96A55FC-B49F-411F-858C-D89A9170F7B7}
	EndGlobalSection
EndGlobal
